// !$*UTF8*$!
{
	archiveVersion = 1;
	classes = {
	};
	objectVersion = 46;
	objects = {

/* Begin PBXBuildFile section */
		0167B9D21CF37B9900B90690 /* icon.png in Resources */ = {isa = PBXBuildFile; fileRef = 0167B9D11CF37B9900B90690 /* icon.png */; };
		01AEF0371CF5BD4200CB000A /* iAd.framework in Frameworks */ = {isa = PBXBuildFile; fileRef = 01AEF0361CF5BD4200CB000A /* iAd.framework */; };
		01B522671CF03A4900AD94D0 /* main.m in Sources */ = {isa = PBXBuildFile; fileRef = 01B522661CF03A4900AD94D0 /* main.m */; };
		01B5226A1CF03A4900AD94D0 /* AppDelegate.m in Sources */ = {isa = PBXBuildFile; fileRef = 01B522691CF03A4900AD94D0 /* AppDelegate.m */; };
		01B5226D1CF03A4900AD94D0 /* ViewController.m in Sources */ = {isa = PBXBuildFile; fileRef = 01B5226C1CF03A4900AD94D0 /* ViewController.m */; };
		01B522701CF03A4900AD94D0 /* Main.storyboard in Resources */ = {isa = PBXBuildFile; fileRef = 01B5226E1CF03A4900AD94D0 /* Main.storyboard */; };
		01B522721CF03A4900AD94D0 /* Assets.xcassets in Resources */ = {isa = PBXBuildFile; fileRef = 01B522711CF03A4900AD94D0 /* Assets.xcassets */; };
		01B522751CF03A4900AD94D0 /* LaunchScreen.storyboard in Resources */ = {isa = PBXBuildFile; fileRef = 01B522731CF03A4900AD94D0 /* LaunchScreen.storyboard */; };
		01B522801CF03A4900AD94D0 /* PresentationLayerUITests.m in Sources */ = {isa = PBXBuildFile; fileRef = 01B5227F1CF03A4900AD94D0 /* PresentationLayerUITests.m */; };
		01B5229E1CF04B8C00AD94D0 /* DetailViewController.m in Sources */ = {isa = PBXBuildFile; fileRef = 01B5229D1CF04B8C00AD94D0 /* DetailViewController.m */; };
		01B522A11CF04F3F00AD94D0 /* AddViewController.m in Sources */ = {isa = PBXBuildFile; fileRef = 01B522A01CF04F3F00AD94D0 /* AddViewController.m */; };
		01D3B83B1CF6212F006FFA93 /* ViewController.m in Sources */ = {isa = PBXBuildFile; fileRef = 01B5226C1CF03A4900AD94D0 /* ViewController.m */; };
		01D490211CF4D7CE004BBC3F /* BusinessLogicLayer.framework in Frameworks */ = {isa = PBXBuildFile; fileRef = 01D490201CF4D7CE004BBC3F /* BusinessLogicLayer.framework */; };
		01D490231CF4D7D1004BBC3F /* Persistencelayer.framework in Frameworks */ = {isa = PBXBuildFile; fileRef = 01D490221CF4D7D1004BBC3F /* Persistencelayer.framework */; };
		01D490241CF4D7D5004BBC3F /* Persistencelayer.framework in CopyFiles */ = {isa = PBXBuildFile; fileRef = 01D490221CF4D7D1004BBC3F /* Persistencelayer.framework */; settings = {ATTRIBUTES = (CodeSignOnCopy, RemoveHeadersOnCopy, ); }; };
		01D490251CF4D7D8004BBC3F /* BusinessLogicLayer.framework in CopyFiles */ = {isa = PBXBuildFile; fileRef = 01D490201CF4D7CE004BBC3F /* BusinessLogicLayer.framework */; settings = {ATTRIBUTES = (CodeSignOnCopy, RemoveHeadersOnCopy, ); }; };
/* End PBXBuildFile section */

/* Begin PBXContainerItemProxy section */
		01B5227C1CF03A4900AD94D0 /* PBXContainerItemProxy */ = {
			isa = PBXContainerItemProxy;
			containerPortal = 01B5225A1CF03A4800AD94D0 /* Project object */;
			proxyType = 1;
			remoteGlobalIDString = 01B522611CF03A4900AD94D0;
			remoteInfo = PresentationLayer;
		};
/* End PBXContainerItemProxy section */

/* Begin PBXCopyFilesBuildPhase section */
		01B522B41CF0B0DF00AD94D0 /* CopyFiles */ = {
			isa = PBXCopyFilesBuildPhase;
			buildActionMask = 2147483647;
			dstPath = "";
			dstSubfolderSpec = 10;
			files = (
				01D490251CF4D7D8004BBC3F /* BusinessLogicLayer.framework in CopyFiles */,
				01D490241CF4D7D5004BBC3F /* Persistencelayer.framework in CopyFiles */,
			);
			runOnlyForDeploymentPostprocessing = 0;
		};
		01D3B8721CF62CA2006FFA93 /* CopyFiles */ = {
			isa = PBXCopyFilesBuildPhase;
			buildActionMask = 2147483647;
			dstPath = "";
			dstSubfolderSpec = 10;
			files = (
			);
			runOnlyForDeploymentPostprocessing = 0;
		};
/* End PBXCopyFilesBuildPhase section */

/* Begin PBXFileReference section */
		0167B9D11CF37B9900B90690 /* icon.png */ = {isa = PBXFileReference; lastKnownFileType = image.png; path = icon.png; sourceTree = "<group>"; };
		01AEF0361CF5BD4200CB000A /* iAd.framework */ = {isa = PBXFileReference; lastKnownFileType = wrapper.framework; name = iAd.framework; path = System/Library/Frameworks/iAd.framework; sourceTree = SDKROOT; };
		01B522621CF03A4900AD94D0 /* PresentationLayer.app */ = {isa = PBXFileReference; explicitFileType = wrapper.application; includeInIndex = 0; path = PresentationLayer.app; sourceTree = BUILT_PRODUCTS_DIR; };
		01B522661CF03A4900AD94D0 /* main.m */ = {isa = PBXFileReference; lastKnownFileType = sourcecode.c.objc; path = main.m; sourceTree = "<group>"; };
		01B522681CF03A4900AD94D0 /* AppDelegate.h */ = {isa = PBXFileReference; lastKnownFileType = sourcecode.c.h; path = AppDelegate.h; sourceTree = "<group>"; };
		01B522691CF03A4900AD94D0 /* AppDelegate.m */ = {isa = PBXFileReference; lastKnownFileType = sourcecode.c.objc; path = AppDelegate.m; sourceTree = "<group>"; };
		01B5226B1CF03A4900AD94D0 /* ViewController.h */ = {isa = PBXFileReference; lastKnownFileType = sourcecode.c.h; path = ViewController.h; sourceTree = "<group>"; };
		01B5226C1CF03A4900AD94D0 /* ViewController.m */ = {isa = PBXFileReference; lastKnownFileType = sourcecode.c.objc; path = ViewController.m; sourceTree = "<group>"; };
		01B5226F1CF03A4900AD94D0 /* Base */ = {isa = PBXFileReference; lastKnownFileType = file.storyboard; name = Base; path = Base.lproj/Main.storyboard; sourceTree = "<group>"; };
		01B522711CF03A4900AD94D0 /* Assets.xcassets */ = {isa = PBXFileReference; lastKnownFileType = folder.assetcatalog; path = Assets.xcassets; sourceTree = "<group>"; };
		01B522741CF03A4900AD94D0 /* Base */ = {isa = PBXFileReference; lastKnownFileType = file.storyboard; name = Base; path = Base.lproj/LaunchScreen.storyboard; sourceTree = "<group>"; };
		01B522761CF03A4900AD94D0 /* Info.plist */ = {isa = PBXFileReference; lastKnownFileType = text.plist.xml; path = Info.plist; sourceTree = "<group>"; };
		01B5227B1CF03A4900AD94D0 /* PresentationLayerUITests.xctest */ = {isa = PBXFileReference; explicitFileType = wrapper.cfbundle; includeInIndex = 0; path = PresentationLayerUITests.xctest; sourceTree = BUILT_PRODUCTS_DIR; };
		01B5227F1CF03A4900AD94D0 /* PresentationLayerUITests.m */ = {isa = PBXFileReference; lastKnownFileType = sourcecode.c.objc; path = PresentationLayerUITests.m; sourceTree = "<group>"; };
		01B522811CF03A4900AD94D0 /* Info.plist */ = {isa = PBXFileReference; lastKnownFileType = text.plist.xml; path = Info.plist; sourceTree = "<group>"; };
		01B5229C1CF04B8C00AD94D0 /* DetailViewController.h */ = {isa = PBXFileReference; fileEncoding = 4; lastKnownFileType = sourcecode.c.h; path = DetailViewController.h; sourceTree = "<group>"; };
		01B5229D1CF04B8C00AD94D0 /* DetailViewController.m */ = {isa = PBXFileReference; fileEncoding = 4; lastKnownFileType = sourcecode.c.objc; path = DetailViewController.m; sourceTree = "<group>"; };
		01B5229F1CF04F3F00AD94D0 /* AddViewController.h */ = {isa = PBXFileReference; fileEncoding = 4; lastKnownFileType = sourcecode.c.h; path = AddViewController.h; sourceTree = "<group>"; };
		01B522A01CF04F3F00AD94D0 /* AddViewController.m */ = {isa = PBXFileReference; fileEncoding = 4; lastKnownFileType = sourcecode.c.objc; path = AddViewController.m; sourceTree = "<group>"; };
		01D490201CF4D7CE004BBC3F /* BusinessLogicLayer.framework */ = {isa = PBXFileReference; lastKnownFileType = wrapper.framework; name = BusinessLogicLayer.framework; path = "../../../Library/Developer/Xcode/DerivedData/MyNotesWorkspace-ghoibbwgfyslhpfnprrcszhrbimz/Build/Products/Debug-iphoneos/BusinessLogicLayer.framework"; sourceTree = "<group>"; };
		01D490221CF4D7D1004BBC3F /* Persistencelayer.framework */ = {isa = PBXFileReference; lastKnownFileType = wrapper.framework; name = Persistencelayer.framework; path = "../../../Library/Developer/Xcode/DerivedData/MyNotesWorkspace-ghoibbwgfyslhpfnprrcszhrbimz/Build/Products/Debug-iphoneos/Persistencelayer.framework"; sourceTree = "<group>"; };
/* End PBXFileReference section */

/* Begin PBXFrameworksBuildPhase section */
		01B5225F1CF03A4900AD94D0 /* Frameworks */ = {
			isa = PBXFrameworksBuildPhase;
			buildActionMask = 2147483647;
			files = (
				01AEF0371CF5BD4200CB000A /* iAd.framework in Frameworks */,
				01D490231CF4D7D1004BBC3F /* Persistencelayer.framework in Frameworks */,
				01D490211CF4D7CE004BBC3F /* BusinessLogicLayer.framework in Frameworks */,
			);
			runOnlyForDeploymentPostprocessing = 0;
		};
		01B522781CF03A4900AD94D0 /* Frameworks */ = {
			isa = PBXFrameworksBuildPhase;
			buildActionMask = 2147483647;
			files = (
			);
			runOnlyForDeploymentPostprocessing = 0;
		};
/* End PBXFrameworksBuildPhase section */

/* Begin PBXGroup section */
		01B522591CF03A4800AD94D0 = {
			isa = PBXGroup;
			children = (
				01AEF0361CF5BD4200CB000A /* iAd.framework */,
				01D490221CF4D7D1004BBC3F /* Persistencelayer.framework */,
				01D490201CF4D7CE004BBC3F /* BusinessLogicLayer.framework */,
				01B522641CF03A4900AD94D0 /* PresentationLayer */,
				01B5227E1CF03A4900AD94D0 /* PresentationLayerUITests */,
				01B522631CF03A4900AD94D0 /* Products */,
			);
			sourceTree = "<group>";
		};
		01B522631CF03A4900AD94D0 /* Products */ = {
			isa = PBXGroup;
			children = (
				01B522621CF03A4900AD94D0 /* PresentationLayer.app */,
				01B5227B1CF03A4900AD94D0 /* PresentationLayerUITests.xctest */,
			);
			name = Products;
			sourceTree = "<group>";
		};
		01B522641CF03A4900AD94D0 /* PresentationLayer */ = {
			isa = PBXGroup;
			children = (
				01B522681CF03A4900AD94D0 /* AppDelegate.h */,
				01B522691CF03A4900AD94D0 /* AppDelegate.m */,
				01B5226B1CF03A4900AD94D0 /* ViewController.h */,
				01B5226C1CF03A4900AD94D0 /* ViewController.m */,
				01B5229C1CF04B8C00AD94D0 /* DetailViewController.h */,
				01B5229D1CF04B8C00AD94D0 /* DetailViewController.m */,
				01B5229F1CF04F3F00AD94D0 /* AddViewController.h */,
				01B522A01CF04F3F00AD94D0 /* AddViewController.m */,
				01B5226E1CF03A4900AD94D0 /* Main.storyboard */,
				01B522711CF03A4900AD94D0 /* Assets.xcassets */,
				01B522731CF03A4900AD94D0 /* LaunchScreen.storyboard */,
				01B522761CF03A4900AD94D0 /* Info.plist */,
				01B522651CF03A4900AD94D0 /* Supporting Files */,
			);
			path = PresentationLayer;
			sourceTree = "<group>";
		};
		01B522651CF03A4900AD94D0 /* Supporting Files */ = {
			isa = PBXGroup;
			children = (
				0167B9D11CF37B9900B90690 /* icon.png */,
				01B522661CF03A4900AD94D0 /* main.m */,
			);
			name = "Supporting Files";
			sourceTree = "<group>";
		};
		01B5227E1CF03A4900AD94D0 /* PresentationLayerUITests */ = {
			isa = PBXGroup;
			children = (
				01B5227F1CF03A4900AD94D0 /* PresentationLayerUITests.m */,
				01B522811CF03A4900AD94D0 /* Info.plist */,
			);
			path = PresentationLayerUITests;
			sourceTree = "<group>";
		};
/* End PBXGroup section */

/* Begin PBXNativeTarget section */
		01B522611CF03A4900AD94D0 /* PresentationLayer */ = {
			isa = PBXNativeTarget;
			buildConfigurationList = 01B522841CF03A4900AD94D0 /* Build configuration list for PBXNativeTarget "PresentationLayer" */;
			buildPhases = (
				01B5225E1CF03A4900AD94D0 /* Sources */,
				01B5225F1CF03A4900AD94D0 /* Frameworks */,
				01B522601CF03A4900AD94D0 /* Resources */,
				01B522B41CF0B0DF00AD94D0 /* CopyFiles */,
			);
			buildRules = (
			);
			dependencies = (
			);
			name = PresentationLayer;
			productName = PresentationLayer;
			productReference = 01B522621CF03A4900AD94D0 /* PresentationLayer.app */;
			productType = "com.apple.product-type.application";
		};
		01B5227A1CF03A4900AD94D0 /* PresentationLayerUITests */ = {
			isa = PBXNativeTarget;
			buildConfigurationList = 01B522871CF03A4900AD94D0 /* Build configuration list for PBXNativeTarget "PresentationLayerUITests" */;
			buildPhases = (
				01B522771CF03A4900AD94D0 /* Sources */,
				01B522781CF03A4900AD94D0 /* Frameworks */,
				01B522791CF03A4900AD94D0 /* Resources */,
				01D3B8721CF62CA2006FFA93 /* CopyFiles */,
			);
			buildRules = (
			);
			dependencies = (
				01B5227D1CF03A4900AD94D0 /* PBXTargetDependency */,
			);
			name = PresentationLayerUITests;
			productName = PresentationLayerUITests;
			productReference = 01B5227B1CF03A4900AD94D0 /* PresentationLayerUITests.xctest */;
			productType = "com.apple.product-type.bundle.ui-testing";
		};
/* End PBXNativeTarget section */

/* Begin PBXProject section */
		01B5225A1CF03A4800AD94D0 /* Project object */ = {
			isa = PBXProject;
			attributes = {
				LastUpgradeCheck = 0730;
				ORGANIZATIONNAME = waber;
				TargetAttributes = {
					01B522611CF03A4900AD94D0 = {
						CreatedOnToolsVersion = 7.3.1;
						DevelopmentTeam = JUQ2C9BFMV;
					};
					01B5227A1CF03A4900AD94D0 = {
						CreatedOnToolsVersion = 7.3.1;
						DevelopmentTeam = JUQ2C9BFMV;
						TestTargetID = 01B522611CF03A4900AD94D0;
					};
				};
			};
			buildConfigurationList = 01B5225D1CF03A4800AD94D0 /* Build configuration list for PBXProject "PresentationLayer" */;
			compatibilityVersion = "Xcode 3.2";
			developmentRegion = English;
			hasScannedForEncodings = 0;
			knownRegions = (
				en,
				Base,
			);
			mainGroup = 01B522591CF03A4800AD94D0;
			productRefGroup = 01B522631CF03A4900AD94D0 /* Products */;
			projectDirPath = "";
			projectRoot = "";
			targets = (
				01B522611CF03A4900AD94D0 /* PresentationLayer */,
				01B5227A1CF03A4900AD94D0 /* PresentationLayerUITests */,
			);
		};
/* End PBXProject section */

/* Begin PBXResourcesBuildPhase section */
		01B522601CF03A4900AD94D0 /* Resources */ = {
			isa = PBXResourcesBuildPhase;
			buildActionMask = 2147483647;
			files = (
				0167B9D21CF37B9900B90690 /* icon.png in Resources */,
				01B522751CF03A4900AD94D0 /* LaunchScreen.storyboard in Resources */,
				01B522721CF03A4900AD94D0 /* Assets.xcassets in Resources */,
				01B522701CF03A4900AD94D0 /* Main.storyboard in Resources */,
			);
			runOnlyForDeploymentPostprocessing = 0;
		};
		01B522791CF03A4900AD94D0 /* Resources */ = {
			isa = PBXResourcesBuildPhase;
			buildActionMask = 2147483647;
			files = (
			);
			runOnlyForDeploymentPostprocessing = 0;
		};
/* End PBXResourcesBuildPhase section */

/* Begin PBXSourcesBuildPhase section */
		01B5225E1CF03A4900AD94D0 /* Sources */ = {
			isa = PBXSourcesBuildPhase;
			buildActionMask = 2147483647;
			files = (
				01B522A11CF04F3F00AD94D0 /* AddViewController.m in Sources */,
				01B5226D1CF03A4900AD94D0 /* ViewController.m in Sources */,
				01B5226A1CF03A4900AD94D0 /* AppDelegate.m in Sources */,
				01B522671CF03A4900AD94D0 /* main.m in Sources */,
				01B5229E1CF04B8C00AD94D0 /* DetailViewController.m in Sources */,
			);
			runOnlyForDeploymentPostprocessing = 0;
		};
		01B522771CF03A4900AD94D0 /* Sources */ = {
			isa = PBXSourcesBuildPhase;
			buildActionMask = 2147483647;
			files = (
				01D3B83B1CF6212F006FFA93 /* ViewController.m in Sources */,
				01B522801CF03A4900AD94D0 /* PresentationLayerUITests.m in Sources */,
			);
			runOnlyForDeploymentPostprocessing = 0;
		};
/* End PBXSourcesBuildPhase section */

/* Begin PBXTargetDependency section */
		01B5227D1CF03A4900AD94D0 /* PBXTargetDependency */ = {
			isa = PBXTargetDependency;
			target = 01B522611CF03A4900AD94D0 /* PresentationLayer */;
			targetProxy = 01B5227C1CF03A4900AD94D0 /* PBXContainerItemProxy */;
		};
/* End PBXTargetDependency section */

/* Begin PBXVariantGroup section */
		01B5226E1CF03A4900AD94D0 /* Main.storyboard */ = {
			isa = PBXVariantGroup;
			children = (
				01B5226F1CF03A4900AD94D0 /* Base */,
			);
			name = Main.storyboard;
			sourceTree = "<group>";
		};
		01B522731CF03A4900AD94D0 /* LaunchScreen.storyboard */ = {
			isa = PBXVariantGroup;
			children = (
				01B522741CF03A4900AD94D0 /* Base */,
			);
			name = LaunchScreen.storyboard;
			sourceTree = "<group>";
		};
/* End PBXVariantGroup section */

/* Begin XCBuildConfiguration section */
		01B522821CF03A4900AD94D0 /* Debug */ = {
			isa = XCBuildConfiguration;
			buildSettings = {
				ALWAYS_SEARCH_USER_PATHS = NO;
				CLANG_ANALYZER_NONNULL = YES;
				CLANG_CXX_LANGUAGE_STANDARD = "gnu++0x";
				CLANG_CXX_LIBRARY = "libc++";
				CLANG_ENABLE_MODULES = YES;
				CLANG_ENABLE_OBJC_ARC = YES;
				CLANG_WARN_BOOL_CONVERSION = YES;
				CLANG_WARN_CONSTANT_CONVERSION = YES;
				CLANG_WARN_DIRECT_OBJC_ISA_USAGE = YES_ERROR;
				CLANG_WARN_EMPTY_BODY = YES;
				CLANG_WARN_ENUM_CONVERSION = YES;
				CLANG_WARN_INT_CONVERSION = YES;
				CLANG_WARN_OBJC_ROOT_CLASS = YES_ERROR;
				CLANG_WARN_UNREACHABLE_CODE = YES;
				CLANG_WARN__DUPLICATE_METHOD_MATCH = YES;
				"CODE_SIGN_IDENTITY[sdk=iphoneos*]" = "iPhone Developer";
				COPY_PHASE_STRIP = NO;
				DEBUG_INFORMATION_FORMAT = dwarf;
				ENABLE_STRICT_OBJC_MSGSEND = YES;
				ENABLE_TESTABILITY = YES;
				GCC_C_LANGUAGE_STANDARD = gnu99;
				GCC_DYNAMIC_NO_PIC = NO;
				GCC_NO_COMMON_BLOCKS = YES;
				GCC_OPTIMIZATION_LEVEL = 0;
				GCC_PREPROCESSOR_DEFINITIONS = (
					"DEBUG=1",
					"$(inherited)",
				);
				GCC_WARN_64_TO_32_BIT_CONVERSION = YES;
				GCC_WARN_ABOUT_RETURN_TYPE = YES_ERROR;
				GCC_WARN_UNDECLARED_SELECTOR = YES;
				GCC_WARN_UNINITIALIZED_AUTOS = YES_AGGRESSIVE;
				GCC_WARN_UNUSED_FUNCTION = YES;
				GCC_WARN_UNUSED_VARIABLE = YES;
				IPHONEOS_DEPLOYMENT_TARGET = 9.3;
				MTL_ENABLE_DEBUG_INFO = YES;
				ONLY_ACTIVE_ARCH = YES;
				SDKROOT = iphoneos;
			};
			name = Debug;
		};
		01B522831CF03A4900AD94D0 /* Release */ = {
			isa = XCBuildConfiguration;
			buildSettings = {
				ALWAYS_SEARCH_USER_PATHS = NO;
				CLANG_ANALYZER_NONNULL = YES;
				CLANG_CXX_LANGUAGE_STANDARD = "gnu++0x";
				CLANG_CXX_LIBRARY = "libc++";
				CLANG_ENABLE_MODULES = YES;
				CLANG_ENABLE_OBJC_ARC = YES;
				CLANG_WARN_BOOL_CONVERSION = YES;
				CLANG_WARN_CONSTANT_CONVERSION = YES;
				CLANG_WARN_DIRECT_OBJC_ISA_USAGE = YES_ERROR;
				CLANG_WARN_EMPTY_BODY = YES;
				CLANG_WARN_ENUM_CONVERSION = YES;
				CLANG_WARN_INT_CONVERSION = YES;
				CLANG_WARN_OBJC_ROOT_CLASS = YES_ERROR;
				CLANG_WARN_UNREACHABLE_CODE = YES;
				CLANG_WARN__DUPLICATE_METHOD_MATCH = YES;
				"CODE_SIGN_IDENTITY[sdk=iphoneos*]" = "iPhone Developer";
				COPY_PHASE_STRIP = NO;
				DEBUG_INFORMATION_FORMAT = "dwarf-with-dsym";
				ENABLE_NS_ASSERTIONS = NO;
				ENABLE_STRICT_OBJC_MSGSEND = YES;
				GCC_C_LANGUAGE_STANDARD = gnu99;
				GCC_NO_COMMON_BLOCKS = YES;
				GCC_WARN_64_TO_32_BIT_CONVERSION = YES;
				GCC_WARN_ABOUT_RETURN_TYPE = YES_ERROR;
				GCC_WARN_UNDECLARED_SELECTOR = YES;
				GCC_WARN_UNINITIALIZED_AUTOS = YES_AGGRESSIVE;
				GCC_WARN_UNUSED_FUNCTION = YES;
				GCC_WARN_UNUSED_VARIABLE = YES;
				IPHONEOS_DEPLOYMENT_TARGET = 9.3;
				MTL_ENABLE_DEBUG_INFO = NO;
				SDKROOT = iphoneos;
				VALIDATE_PRODUCT = YES;
			};
			name = Release;
		};
		01B522851CF03A4900AD94D0 /* Debug */ = {
			isa = XCBuildConfiguration;
			buildSettings = {
				ASSETCATALOG_COMPILER_APPICON_NAME = AppIcon;
				INFOPLIST_FILE = PresentationLayer/Info.plist;
				LD_RUNPATH_SEARCH_PATHS = "$(inherited) @executable_path/Frameworks";
				PRODUCT_BUNDLE_IDENTIFIER = com.waber.MyNotesNoti;
				PRODUCT_NAME = "$(TARGET_NAME)";
			};
			name = Debug;
		};
		01B522861CF03A4900AD94D0 /* Release */ = {
			isa = XCBuildConfiguration;
			buildSettings = {
				ASSETCATALOG_COMPILER_APPICON_NAME = AppIcon;
				INFOPLIST_FILE = PresentationLayer/Info.plist;
				LD_RUNPATH_SEARCH_PATHS = "$(inherited) @executable_path/Frameworks";
				PRODUCT_BUNDLE_IDENTIFIER = com.waber.MyNotesNoti;
				PRODUCT_NAME = "$(TARGET_NAME)";
			};
			name = Release;
		};
		01B522881CF03A4900AD94D0 /* Debug */ = {
			isa = XCBuildConfiguration;
			buildSettings = {
				INFOPLIST_FILE = PresentationLayerUITests/Info.plist;
				LD_RUNPATH_SEARCH_PATHS = "$(inherited) @executable_path/Frameworks @loader_path/Frameworks";
				PRODUCT_BUNDLE_IDENTIFIER = com.waber.PresentationLayerUITests;
				PRODUCT_NAME = "$(TARGET_NAME)";
				TEST_TARGET_NAME = PresentationLayer;
			};
			name = Debug;
		};
		01B522891CF03A4900AD94D0 /* Release */ = {
			isa = XCBuildConfiguration;
			buildSettings = {
				INFOPLIST_FILE = PresentationLayerUITests/Info.plist;
				LD_RUNPATH_SEARCH_PATHS = "$(inherited) @executable_path/Frameworks @loader_path/Frameworks";
				PRODUCT_BUNDLE_IDENTIFIER = com.waber.PresentationLayerUITests;
				PRODUCT_NAME = "$(TARGET_NAME)";
				TEST_TARGET_NAME = PresentationLayer;
			};
			name = Release;
		};
/* End XCBuildConfiguration section */

/* Begin XCConfigurationList section */
		01B5225D1CF03A4800AD94D0 /* Build configuration list for PBXProject "PresentationLayer" */ = {
			isa = XCConfigurationList;
			buildConfigurations = (
				01B522821CF03A4900AD94D0 /* Debug */,
				01B522831CF03A4900AD94D0 /* Release */,
			);
			defaultConfigurationIsVisible = 0;
			defaultConfigurationName = Release;
		};
		01B522841CF03A4900AD94D0 /* Build configuration list for PBXNativeTarget "PresentationLayer" */ = {
			isa = XCConfigurationList;
			buildConfigurations = (
				01B522851CF03A4900AD94D0 /* Debug */,
				01B522861CF03A4900AD94D0 /* Release */,
			);
			defaultConfigurationIsVisible = 0;
			defaultConfigurationName = Release;
		};
		01B522871CF03A4900AD94D0 /* Build configuration list for PBXNativeTarget "PresentationLayerUITests" */ = {
			isa = XCConfigurationList;
			buildConfigurations = (
				01B522881CF03A4900AD94D0 /* Debug */,
				01B522891CF03A4900AD94D0 /* Release */,
			);
			defaultConfigurationIsVisible = 0;
			defaultConfigurationName = Release;
		};
/* End XCConfigurationList section */
	};
	rootObject = 01B5225A1CF03A4800AD94D0 /* Project object */;
}
